// !$*UTF8*$!
{
	archiveVersion = 1;
	classes = {
	};
	objectVersion = 56;
	objects = {

/* Begin PBXBuildFile section */
		7F2FF98C2C030DD900C4C500 /* LinearListCell.swift in Sources */ = {isa = PBXBuildFile; fileRef = 7F2FF98B2C030DD900C4C500 /* LinearListCell.swift */; };
		7F2FF9942C03339400C4C500 /* CustomImageView.swift in Sources */ = {isa = PBXBuildFile; fileRef = 7F2FF9932C03339400C4C500 /* CustomImageView.swift */; };
		7F2FF9962C0342F500C4C500 /* RatingView.swift in Sources */ = {isa = PBXBuildFile; fileRef = 7F2FF9952C0342F500C4C500 /* RatingView.swift */; };
		7F2FF99C2C03862900C4C500 /* WaterfallListCell.swift in Sources */ = {isa = PBXBuildFile; fileRef = 7F2FF99B2C03862900C4C500 /* WaterfallListCell.swift */; };
		7F38C1A12C04D12B00512C79 /* Model.swift in Sources */ = {isa = PBXBuildFile; fileRef = 7F38C1A02C04D12B00512C79 /* Model.swift */; };
		7F38C1A32C04D1C000512C79 /* CoredataBase.swift in Sources */ = {isa = PBXBuildFile; fileRef = 7F38C1A22C04D1C000512C79 /* CoredataBase.swift */; };
		7F49D6CC2C05D4400011E38D /* SortView.swift in Sources */ = {isa = PBXBuildFile; fileRef = 7F49D6CB2C05D4400011E38D /* SortView.swift */; };
		7FE1C8F32C0218C800D90450 /* AppDelegate.swift in Sources */ = {isa = PBXBuildFile; fileRef = 7FE1C8F22C0218C800D90450 /* AppDelegate.swift */; };
		7FE1C8F52C0218C800D90450 /* SceneDelegate.swift in Sources */ = {isa = PBXBuildFile; fileRef = 7FE1C8F42C0218C800D90450 /* SceneDelegate.swift */; };
		7FE1C8F72C0218C800D90450 /* ViewController.swift in Sources */ = {isa = PBXBuildFile; fileRef = 7FE1C8F62C0218C800D90450 /* ViewController.swift */; };
		7FE1C8FD2C0218C800D90450 /* zStore.xcdatamodeld in Sources */ = {isa = PBXBuildFile; fileRef = 7FE1C8FB2C0218C800D90450 /* zStore.xcdatamodeld */; };
		7FE1C8FF2C0218C900D90450 /* Assets.xcassets in Resources */ = {isa = PBXBuildFile; fileRef = 7FE1C8FE2C0218C900D90450 /* Assets.xcassets */; };
		7FE1C9022C0218C900D90450 /* LaunchScreen.storyboard in Resources */ = {isa = PBXBuildFile; fileRef = 7FE1C9002C0218C900D90450 /* LaunchScreen.storyboard */; };
		7FE1C90D2C0218C900D90450 /* zStoreTests.swift in Sources */ = {isa = PBXBuildFile; fileRef = 7FE1C90C2C0218C900D90450 /* zStoreTests.swift */; };
		7FE1C9172C0218C900D90450 /* zStoreUITests.swift in Sources */ = {isa = PBXBuildFile; fileRef = 7FE1C9162C0218C900D90450 /* zStoreUITests.swift */; };
		7FE1C9192C0218C900D90450 /* zStoreUITestsLaunchTests.swift in Sources */ = {isa = PBXBuildFile; fileRef = 7FE1C9182C0218C900D90450 /* zStoreUITestsLaunchTests.swift */; };
		7FE1C92D2C022ADE00D90450 /* Extension.swift in Sources */ = {isa = PBXBuildFile; fileRef = 7FE1C92C2C022ADE00D90450 /* Extension.swift */; };
		7FE1C9322C0246DD00D90450 /* CategoryCell.swift in Sources */ = {isa = PBXBuildFile; fileRef = 7FE1C9312C0246DD00D90450 /* CategoryCell.swift */; };
		7FE1C9342C024C6400D90450 /* ContrllerViewModel.swift in Sources */ = {isa = PBXBuildFile; fileRef = 7FE1C9332C024C6400D90450 /* ContrllerViewModel.swift */; };
		7FE1C9392C027B1D00D90450 /* OffersListCell.swift in Sources */ = {isa = PBXBuildFile; fileRef = 7FE1C9382C027B1D00D90450 /* OffersListCell.swift */; };
		7FE1C93E2C027FFC00D90450 /* OfferListCollectionCell.swift in Sources */ = {isa = PBXBuildFile; fileRef = 7FE1C93D2C027FFC00D90450 /* OfferListCollectionCell.swift */; };
		7FE1C9402C02843900D90450 /* OfferCardCell.swift in Sources */ = {isa = PBXBuildFile; fileRef = 7FE1C93F2C02843900D90450 /* OfferCardCell.swift */; };
/* End PBXBuildFile section */

/* Begin PBXContainerItemProxy section */
		7FE1C9092C0218C900D90450 /* PBXContainerItemProxy */ = {
			isa = PBXContainerItemProxy;
			containerPortal = 7FE1C8E72C0218C800D90450 /* Project object */;
			proxyType = 1;
			remoteGlobalIDString = 7FE1C8EE2C0218C800D90450;
			remoteInfo = zStore;
		};
		7FE1C9132C0218C900D90450 /* PBXContainerItemProxy */ = {
			isa = PBXContainerItemProxy;
			containerPortal = 7FE1C8E72C0218C800D90450 /* Project object */;
			proxyType = 1;
			remoteGlobalIDString = 7FE1C8EE2C0218C800D90450;
			remoteInfo = zStore;
		};
/* End PBXContainerItemProxy section */

/* Begin PBXFileReference section */
		7F2FF98B2C030DD900C4C500 /* LinearListCell.swift */ = {isa = PBXFileReference; lastKnownFileType = sourcecode.swift; path = LinearListCell.swift; sourceTree = "<group>"; };
		7F2FF9932C03339400C4C500 /* CustomImageView.swift */ = {isa = PBXFileReference; lastKnownFileType = sourcecode.swift; path = CustomImageView.swift; sourceTree = "<group>"; };
		7F2FF9952C0342F500C4C500 /* RatingView.swift */ = {isa = PBXFileReference; lastKnownFileType = sourcecode.swift; path = RatingView.swift; sourceTree = "<group>"; };
		7F2FF99B2C03862900C4C500 /* WaterfallListCell.swift */ = {isa = PBXFileReference; lastKnownFileType = sourcecode.swift; path = WaterfallListCell.swift; sourceTree = "<group>"; };
		7F38C1A02C04D12B00512C79 /* Model.swift */ = {isa = PBXFileReference; lastKnownFileType = sourcecode.swift; path = Model.swift; sourceTree = "<group>"; };
		7F38C1A22C04D1C000512C79 /* CoredataBase.swift */ = {isa = PBXFileReference; lastKnownFileType = sourcecode.swift; path = CoredataBase.swift; sourceTree = "<group>"; };
		7F49D6CB2C05D4400011E38D /* SortView.swift */ = {isa = PBXFileReference; lastKnownFileType = sourcecode.swift; path = SortView.swift; sourceTree = "<group>"; };
		7FE1C8EF2C0218C800D90450 /* zStore.app */ = {isa = PBXFileReference; explicitFileType = wrapper.application; includeInIndex = 0; path = zStore.app; sourceTree = BUILT_PRODUCTS_DIR; };
		7FE1C8F22C0218C800D90450 /* AppDelegate.swift */ = {isa = PBXFileReference; lastKnownFileType = sourcecode.swift; path = AppDelegate.swift; sourceTree = "<group>"; };
		7FE1C8F42C0218C800D90450 /* SceneDelegate.swift */ = {isa = PBXFileReference; lastKnownFileType = sourcecode.swift; path = SceneDelegate.swift; sourceTree = "<group>"; };
		7FE1C8F62C0218C800D90450 /* ViewController.swift */ = {isa = PBXFileReference; lastKnownFileType = sourcecode.swift; path = ViewController.swift; sourceTree = "<group>"; };
		7FE1C8FC2C0218C800D90450 /* zStore.xcdatamodel */ = {isa = PBXFileReference; lastKnownFileType = wrapper.xcdatamodel; path = zStore.xcdatamodel; sourceTree = "<group>"; };
		7FE1C8FE2C0218C900D90450 /* Assets.xcassets */ = {isa = PBXFileReference; lastKnownFileType = folder.assetcatalog; path = Assets.xcassets; sourceTree = "<group>"; };
		7FE1C9012C0218C900D90450 /* Base */ = {isa = PBXFileReference; lastKnownFileType = file.storyboard; name = Base; path = Base.lproj/LaunchScreen.storyboard; sourceTree = "<group>"; };
		7FE1C9032C0218C900D90450 /* Info.plist */ = {isa = PBXFileReference; lastKnownFileType = text.plist.xml; path = Info.plist; sourceTree = "<group>"; };
		7FE1C9082C0218C900D90450 /* zStoreTests.xctest */ = {isa = PBXFileReference; explicitFileType = wrapper.cfbundle; includeInIndex = 0; path = zStoreTests.xctest; sourceTree = BUILT_PRODUCTS_DIR; };
		7FE1C90C2C0218C900D90450 /* zStoreTests.swift */ = {isa = PBXFileReference; lastKnownFileType = sourcecode.swift; path = zStoreTests.swift; sourceTree = "<group>"; };
		7FE1C9122C0218C900D90450 /* zStoreUITests.xctest */ = {isa = PBXFileReference; explicitFileType = wrapper.cfbundle; includeInIndex = 0; path = zStoreUITests.xctest; sourceTree = BUILT_PRODUCTS_DIR; };
		7FE1C9162C0218C900D90450 /* zStoreUITests.swift */ = {isa = PBXFileReference; lastKnownFileType = sourcecode.swift; path = zStoreUITests.swift; sourceTree = "<group>"; };
		7FE1C9182C0218C900D90450 /* zStoreUITestsLaunchTests.swift */ = {isa = PBXFileReference; lastKnownFileType = sourcecode.swift; path = zStoreUITestsLaunchTests.swift; sourceTree = "<group>"; };
		7FE1C92C2C022ADE00D90450 /* Extension.swift */ = {isa = PBXFileReference; lastKnownFileType = sourcecode.swift; path = Extension.swift; sourceTree = "<group>"; };
		7FE1C9312C0246DD00D90450 /* CategoryCell.swift */ = {isa = PBXFileReference; lastKnownFileType = sourcecode.swift; path = CategoryCell.swift; sourceTree = "<group>"; };
		7FE1C9332C024C6400D90450 /* ContrllerViewModel.swift */ = {isa = PBXFileReference; lastKnownFileType = sourcecode.swift; path = ContrllerViewModel.swift; sourceTree = "<group>"; };
		7FE1C9382C027B1D00D90450 /* OffersListCell.swift */ = {isa = PBXFileReference; lastKnownFileType = sourcecode.swift; path = OffersListCell.swift; sourceTree = "<group>"; };
		7FE1C93D2C027FFC00D90450 /* OfferListCollectionCell.swift */ = {isa = PBXFileReference; lastKnownFileType = sourcecode.swift; path = OfferListCollectionCell.swift; sourceTree = "<group>"; };
		7FE1C93F2C02843900D90450 /* OfferCardCell.swift */ = {isa = PBXFileReference; lastKnownFileType = sourcecode.swift; path = OfferCardCell.swift; sourceTree = "<group>"; };
/* End PBXFileReference section */

/* Begin PBXFrameworksBuildPhase section */
		7FE1C8EC2C0218C800D90450 /* Frameworks */ = {
			isa = PBXFrameworksBuildPhase;
			buildActionMask = 2147483647;
			files = (
			);
			runOnlyForDeploymentPostprocessing = 0;
		};
		7FE1C9052C0218C900D90450 /* Frameworks */ = {
			isa = PBXFrameworksBuildPhase;
			buildActionMask = 2147483647;
			files = (
			);
			runOnlyForDeploymentPostprocessing = 0;
		};
		7FE1C90F2C0218C900D90450 /* Frameworks */ = {
			isa = PBXFrameworksBuildPhase;
			buildActionMask = 2147483647;
			files = (
			);
			runOnlyForDeploymentPostprocessing = 0;
		};
/* End PBXFrameworksBuildPhase section */

/* Begin PBXGroup section */
		7F38C19F2C04D11200512C79 /* Model */ = {
			isa = PBXGroup;
			children = (
				7F38C1A02C04D12B00512C79 /* Model.swift */,
			);
			path = Model;
			sourceTree = "<group>";
		};
		7FE1C8E62C0218C800D90450 = {
			isa = PBXGroup;
			children = (
				7FE1C8F12C0218C800D90450 /* zStore */,
				7FE1C90B2C0218C900D90450 /* zStoreTests */,
				7FE1C9152C0218C900D90450 /* zStoreUITests */,
				7FE1C8F02C0218C800D90450 /* Products */,
			);
			sourceTree = "<group>";
		};
		7FE1C8F02C0218C800D90450 /* Products */ = {
			isa = PBXGroup;
			children = (
				7FE1C8EF2C0218C800D90450 /* zStore.app */,
				7FE1C9082C0218C900D90450 /* zStoreTests.xctest */,
				7FE1C9122C0218C900D90450 /* zStoreUITests.xctest */,
			);
			name = Products;
			sourceTree = "<group>";
		};
		7FE1C8F12C0218C800D90450 /* zStore */ = {
			isa = PBXGroup;
			children = (
				7F38C19F2C04D11200512C79 /* Model */,
				7FE1C9352C024EB300D90450 /* ViewModel */,
				7FE1C92A2C02261000D90450 /* Controller */,
				7FE1C9282C02260100D90450 /* View */,
				7FE1C8F22C0218C800D90450 /* AppDelegate.swift */,
				7FE1C8F42C0218C800D90450 /* SceneDelegate.swift */,
				7FE1C8FE2C0218C900D90450 /* Assets.xcassets */,
				7FE1C9002C0218C900D90450 /* LaunchScreen.storyboard */,
				7FE1C9032C0218C900D90450 /* Info.plist */,
				7FE1C8FB2C0218C800D90450 /* zStore.xcdatamodeld */,
			);
			path = zStore;
			sourceTree = "<group>";
		};
		7FE1C90B2C0218C900D90450 /* zStoreTests */ = {
			isa = PBXGroup;
			children = (
				7FE1C90C2C0218C900D90450 /* zStoreTests.swift */,
			);
			path = zStoreTests;
			sourceTree = "<group>";
		};
		7FE1C9152C0218C900D90450 /* zStoreUITests */ = {
			isa = PBXGroup;
			children = (
				7FE1C9162C0218C900D90450 /* zStoreUITests.swift */,
				7FE1C9182C0218C900D90450 /* zStoreUITestsLaunchTests.swift */,
			);
			path = zStoreUITests;
			sourceTree = "<group>";
		};
		7FE1C9282C02260100D90450 /* View */ = {
			isa = PBXGroup;
			children = (
				7FE1C9302C0246C100D90450 /* XIB */,
				7FE1C92C2C022ADE00D90450 /* Extension.swift */,
				7F2FF9932C03339400C4C500 /* CustomImageView.swift */,
				7F2FF9952C0342F500C4C500 /* RatingView.swift */,
				7F49D6CB2C05D4400011E38D /* SortView.swift */,
			);
			path = View;
			sourceTree = "<group>";
		};
		7FE1C92A2C02261000D90450 /* Controller */ = {
			isa = PBXGroup;
			children = (
				7FE1C8F62C0218C800D90450 /* ViewController.swift */,
			);
			path = Controller;
			sourceTree = "<group>";
		};
		7FE1C9302C0246C100D90450 /* XIB */ = {
			isa = PBXGroup;
			children = (
				7FE1C9312C0246DD00D90450 /* CategoryCell.swift */,
				7FE1C9382C027B1D00D90450 /* OffersListCell.swift */,
				7FE1C93D2C027FFC00D90450 /* OfferListCollectionCell.swift */,
				7FE1C93F2C02843900D90450 /* OfferCardCell.swift */,
				7F2FF98B2C030DD900C4C500 /* LinearListCell.swift */,
				7F2FF99B2C03862900C4C500 /* WaterfallListCell.swift */,
			);
			path = XIB;
			sourceTree = "<group>";
		};
		7FE1C9352C024EB300D90450 /* ViewModel */ = {
			isa = PBXGroup;
			children = (
				7FE1C9332C024C6400D90450 /* ContrllerViewModel.swift */,
				7F38C1A22C04D1C000512C79 /* CoredataBase.swift */,
			);
			path = ViewModel;
			sourceTree = "<group>";
		};
/* End PBXGroup section */

/* Begin PBXNativeTarget section */
		7FE1C8EE2C0218C800D90450 /* zStore */ = {
			isa = PBXNativeTarget;
			buildConfigurationList = 7FE1C91C2C0218C900D90450 /* Build configuration list for PBXNativeTarget "zStore" */;
			buildPhases = (
				7FE1C8EB2C0218C800D90450 /* Sources */,
				7FE1C8EC2C0218C800D90450 /* Frameworks */,
				7FE1C8ED2C0218C800D90450 /* Resources */,
			);
			buildRules = (
			);
			dependencies = (
			);
			name = zStore;
			productName = zStore;
			productReference = 7FE1C8EF2C0218C800D90450 /* zStore.app */;
			productType = "com.apple.product-type.application";
		};
		7FE1C9072C0218C900D90450 /* zStoreTests */ = {
			isa = PBXNativeTarget;
			buildConfigurationList = 7FE1C91F2C0218C900D90450 /* Build configuration list for PBXNativeTarget "zStoreTests" */;
			buildPhases = (
				7FE1C9042C0218C900D90450 /* Sources */,
				7FE1C9052C0218C900D90450 /* Frameworks */,
				7FE1C9062C0218C900D90450 /* Resources */,
			);
			buildRules = (
			);
			dependencies = (
				7FE1C90A2C0218C900D90450 /* PBXTargetDependency */,
			);
			name = zStoreTests;
			productName = zStoreTests;
			productReference = 7FE1C9082C0218C900D90450 /* zStoreTests.xctest */;
			productType = "com.apple.product-type.bundle.unit-test";
		};
		7FE1C9112C0218C900D90450 /* zStoreUITests */ = {
			isa = PBXNativeTarget;
			buildConfigurationList = 7FE1C9222C0218C900D90450 /* Build configuration list for PBXNativeTarget "zStoreUITests" */;
			buildPhases = (
				7FE1C90E2C0218C900D90450 /* Sources */,
				7FE1C90F2C0218C900D90450 /* Frameworks */,
				7FE1C9102C0218C900D90450 /* Resources */,
			);
			buildRules = (
			);
			dependencies = (
				7FE1C9142C0218C900D90450 /* PBXTargetDependency */,
			);
			name = zStoreUITests;
			productName = zStoreUITests;
			productReference = 7FE1C9122C0218C900D90450 /* zStoreUITests.xctest */;
			productType = "com.apple.product-type.bundle.ui-testing";
		};
/* End PBXNativeTarget section */

/* Begin PBXProject section */
		7FE1C8E72C0218C800D90450 /* Project object */ = {
			isa = PBXProject;
			attributes = {
				BuildIndependentTargetsInParallel = 1;
				LastSwiftUpdateCheck = 1500;
				LastUpgradeCheck = 1500;
				TargetAttributes = {
					7FE1C8EE2C0218C800D90450 = {
						CreatedOnToolsVersion = 15.0.1;
					};
					7FE1C9072C0218C900D90450 = {
						CreatedOnToolsVersion = 15.0.1;
						TestTargetID = 7FE1C8EE2C0218C800D90450;
					};
					7FE1C9112C0218C900D90450 = {
						CreatedOnToolsVersion = 15.0.1;
						TestTargetID = 7FE1C8EE2C0218C800D90450;
					};
				};
			};
			buildConfigurationList = 7FE1C8EA2C0218C800D90450 /* Build configuration list for PBXProject "zStore" */;
			compatibilityVersion = "Xcode 14.0";
			developmentRegion = en;
			hasScannedForEncodings = 0;
			knownRegions = (
				en,
				Base,
			);
			mainGroup = 7FE1C8E62C0218C800D90450;
			productRefGroup = 7FE1C8F02C0218C800D90450 /* Products */;
			projectDirPath = "";
			projectRoot = "";
			targets = (
				7FE1C8EE2C0218C800D90450 /* zStore */,
				7FE1C9072C0218C900D90450 /* zStoreTests */,
				7FE1C9112C0218C900D90450 /* zStoreUITests */,
			);
		};
/* End PBXProject section */

/* Begin PBXResourcesBuildPhase section */
		7FE1C8ED2C0218C800D90450 /* Resources */ = {
			isa = PBXResourcesBuildPhase;
			buildActionMask = 2147483647;
			files = (
				7FE1C9022C0218C900D90450 /* LaunchScreen.storyboard in Resources */,
				7FE1C8FF2C0218C900D90450 /* Assets.xcassets in Resources */,
			);
			runOnlyForDeploymentPostprocessing = 0;
		};
		7FE1C9062C0218C900D90450 /* Resources */ = {
			isa = PBXResourcesBuildPhase;
			buildActionMask = 2147483647;
			files = (
			);
			runOnlyForDeploymentPostprocessing = 0;
		};
		7FE1C9102C0218C900D90450 /* Resources */ = {
			isa = PBXResourcesBuildPhase;
			buildActionMask = 2147483647;
			files = (
			);
			runOnlyForDeploymentPostprocessing = 0;
		};
/* End PBXResourcesBuildPhase section */

/* Begin PBXSourcesBuildPhase section */
		7FE1C8EB2C0218C800D90450 /* Sources */ = {
			isa = PBXSourcesBuildPhase;
			buildActionMask = 2147483647;
			files = (
				7F2FF99C2C03862900C4C500 /* WaterfallListCell.swift in Sources */,
				7FE1C9392C027B1D00D90450 /* OffersListCell.swift in Sources */,
				7F49D6CC2C05D4400011E38D /* SortView.swift in Sources */,
				7F2FF9942C03339400C4C500 /* CustomImageView.swift in Sources */,
				7FE1C92D2C022ADE00D90450 /* Extension.swift in Sources */,
				7FE1C8F72C0218C800D90450 /* ViewController.swift in Sources */,
				7FE1C8F32C0218C800D90450 /* AppDelegate.swift in Sources */,
				7F38C1A12C04D12B00512C79 /* Model.swift in Sources */,
				7FE1C8FD2C0218C800D90450 /* zStore.xcdatamodeld in Sources */,
				7F2FF98C2C030DD900C4C500 /* LinearListCell.swift in Sources */,
				7F2FF9962C0342F500C4C500 /* RatingView.swift in Sources */,
				7FE1C93E2C027FFC00D90450 /* OfferListCollectionCell.swift in Sources */,
				7FE1C8F52C0218C800D90450 /* SceneDelegate.swift in Sources */,
				7F38C1A32C04D1C000512C79 /* CoredataBase.swift in Sources */,
				7FE1C9322C0246DD00D90450 /* CategoryCell.swift in Sources */,
				7FE1C9402C02843900D90450 /* OfferCardCell.swift in Sources */,
				7FE1C9342C024C6400D90450 /* ContrllerViewModel.swift in Sources */,
			);
			runOnlyForDeploymentPostprocessing = 0;
		};
		7FE1C9042C0218C900D90450 /* Sources */ = {
			isa = PBXSourcesBuildPhase;
			buildActionMask = 2147483647;
			files = (
				7FE1C90D2C0218C900D90450 /* zStoreTests.swift in Sources */,
			);
			runOnlyForDeploymentPostprocessing = 0;
		};
		7FE1C90E2C0218C900D90450 /* Sources */ = {
			isa = PBXSourcesBuildPhase;
			buildActionMask = 2147483647;
			files = (
				7FE1C9172C0218C900D90450 /* zStoreUITests.swift in Sources */,
				7FE1C9192C0218C900D90450 /* zStoreUITestsLaunchTests.swift in Sources */,
			);
			runOnlyForDeploymentPostprocessing = 0;
		};
/* End PBXSourcesBuildPhase section */

/* Begin PBXTargetDependency section */
		7FE1C90A2C0218C900D90450 /* PBXTargetDependency */ = {
			isa = PBXTargetDependency;
			target = 7FE1C8EE2C0218C800D90450 /* zStore */;
			targetProxy = 7FE1C9092C0218C900D90450 /* PBXContainerItemProxy */;
		};
		7FE1C9142C0218C900D90450 /* PBXTargetDependency */ = {
			isa = PBXTargetDependency;
			target = 7FE1C8EE2C0218C800D90450 /* zStore */;
			targetProxy = 7FE1C9132C0218C900D90450 /* PBXContainerItemProxy */;
		};
/* End PBXTargetDependency section */

/* Begin PBXVariantGroup section */
		7FE1C9002C0218C900D90450 /* LaunchScreen.storyboard */ = {
			isa = PBXVariantGroup;
			children = (
				7FE1C9012C0218C900D90450 /* Base */,
			);
			name = LaunchScreen.storyboard;
			sourceTree = "<group>";
		};
/* End PBXVariantGroup section */

/* Begin XCBuildConfiguration section */
		7FE1C91A2C0218C900D90450 /* Debug */ = {
			isa = XCBuildConfiguration;
			buildSettings = {
				ALWAYS_SEARCH_USER_PATHS = NO;
				ASSETCATALOG_COMPILER_GENERATE_SWIFT_ASSET_SYMBOL_EXTENSIONS = YES;
				CLANG_ANALYZER_NONNULL = YES;
				CLANG_ANALYZER_NUMBER_OBJECT_CONVERSION = YES_AGGRESSIVE;
				CLANG_CXX_LANGUAGE_STANDARD = "gnu++20";
				CLANG_ENABLE_MODULES = YES;
				CLANG_ENABLE_OBJC_ARC = YES;
				CLANG_ENABLE_OBJC_WEAK = YES;
				CLANG_WARN_BLOCK_CAPTURE_AUTORELEASING = YES;
				CLANG_WARN_BOOL_CONVERSION = YES;
				CLANG_WARN_COMMA = YES;
				CLANG_WARN_CONSTANT_CONVERSION = YES;
				CLANG_WARN_DEPRECATED_OBJC_IMPLEMENTATIONS = YES;
				CLANG_WARN_DIRECT_OBJC_ISA_USAGE = YES_ERROR;
				CLANG_WARN_DOCUMENTATION_COMMENTS = YES;
				CLANG_WARN_EMPTY_BODY = YES;
				CLANG_WARN_ENUM_CONVERSION = YES;
				CLANG_WARN_INFINITE_RECURSION = YES;
				CLANG_WARN_INT_CONVERSION = YES;
				CLANG_WARN_NON_LITERAL_NULL_CONVERSION = YES;
				CLANG_WARN_OBJC_IMPLICIT_RETAIN_SELF = YES;
				CLANG_WARN_OBJC_LITERAL_CONVERSION = YES;
				CLANG_WARN_OBJC_ROOT_CLASS = YES_ERROR;
				CLANG_WARN_QUOTED_INCLUDE_IN_FRAMEWORK_HEADER = YES;
				CLANG_WARN_RANGE_LOOP_ANALYSIS = YES;
				CLANG_WARN_STRICT_PROTOTYPES = YES;
				CLANG_WARN_SUSPICIOUS_MOVE = YES;
				CLANG_WARN_UNGUARDED_AVAILABILITY = YES_AGGRESSIVE;
				CLANG_WARN_UNREACHABLE_CODE = YES;
				CLANG_WARN__DUPLICATE_METHOD_MATCH = YES;
				COPY_PHASE_STRIP = NO;
				DEBUG_INFORMATION_FORMAT = dwarf;
				ENABLE_STRICT_OBJC_MSGSEND = YES;
				ENABLE_TESTABILITY = YES;
				ENABLE_USER_SCRIPT_SANDBOXING = YES;
				GCC_C_LANGUAGE_STANDARD = gnu17;
				GCC_DYNAMIC_NO_PIC = NO;
				GCC_NO_COMMON_BLOCKS = YES;
				GCC_OPTIMIZATION_LEVEL = 0;
				GCC_PREPROCESSOR_DEFINITIONS = (
					"DEBUG=1",
					"$(inherited)",
				);
				GCC_WARN_64_TO_32_BIT_CONVERSION = YES;
				GCC_WARN_ABOUT_RETURN_TYPE = YES_ERROR;
				GCC_WARN_UNDECLARED_SELECTOR = YES;
				GCC_WARN_UNINITIALIZED_AUTOS = YES_AGGRESSIVE;
				GCC_WARN_UNUSED_FUNCTION = YES;
				GCC_WARN_UNUSED_VARIABLE = YES;
				IPHONEOS_DEPLOYMENT_TARGET = 17.0;
				LOCALIZATION_PREFERS_STRING_CATALOGS = YES;
				MTL_ENABLE_DEBUG_INFO = INCLUDE_SOURCE;
				MTL_FAST_MATH = YES;
				ONLY_ACTIVE_ARCH = YES;
				SDKROOT = iphoneos;
				SWIFT_ACTIVE_COMPILATION_CONDITIONS = "DEBUG $(inherited)";
				SWIFT_OPTIMIZATION_LEVEL = "-Onone";
			};
			name = Debug;
		};
		7FE1C91B2C0218C900D90450 /* Release */ = {
			isa = XCBuildConfiguration;
			buildSettings = {
				ALWAYS_SEARCH_USER_PATHS = NO;
				ASSETCATALOG_COMPILER_GENERATE_SWIFT_ASSET_SYMBOL_EXTENSIONS = YES;
				CLANG_ANALYZER_NONNULL = YES;
				CLANG_ANALYZER_NUMBER_OBJECT_CONVERSION = YES_AGGRESSIVE;
				CLANG_CXX_LANGUAGE_STANDARD = "gnu++20";
				CLANG_ENABLE_MODULES = YES;
				CLANG_ENABLE_OBJC_ARC = YES;
				CLANG_ENABLE_OBJC_WEAK = YES;
				CLANG_WARN_BLOCK_CAPTURE_AUTORELEASING = YES;
				CLANG_WARN_BOOL_CONVERSION = YES;
				CLANG_WARN_COMMA = YES;
				CLANG_WARN_CONSTANT_CONVERSION = YES;
				CLANG_WARN_DEPRECATED_OBJC_IMPLEMENTATIONS = YES;
				CLANG_WARN_DIRECT_OBJC_ISA_USAGE = YES_ERROR;
				CLANG_WARN_DOCUMENTATION_COMMENTS = YES;
				CLANG_WARN_EMPTY_BODY = YES;
				CLANG_WARN_ENUM_CONVERSION = YES;
				CLANG_WARN_INFINITE_RECURSION = YES;
				CLANG_WARN_INT_CONVERSION = YES;
				CLANG_WARN_NON_LITERAL_NULL_CONVERSION = YES;
				CLANG_WARN_OBJC_IMPLICIT_RETAIN_SELF = YES;
				CLANG_WARN_OBJC_LITERAL_CONVERSION = YES;
				CLANG_WARN_OBJC_ROOT_CLASS = YES_ERROR;
				CLANG_WARN_QUOTED_INCLUDE_IN_FRAMEWORK_HEADER = YES;
				CLANG_WARN_RANGE_LOOP_ANALYSIS = YES;
				CLANG_WARN_STRICT_PROTOTYPES = YES;
				CLANG_WARN_SUSPICIOUS_MOVE = YES;
				CLANG_WARN_UNGUARDED_AVAILABILITY = YES_AGGRESSIVE;
				CLANG_WARN_UNREACHABLE_CODE = YES;
				CLANG_WARN__DUPLICATE_METHOD_MATCH = YES;
				COPY_PHASE_STRIP = NO;
				DEBUG_INFORMATION_FORMAT = "dwarf-with-dsym";
				ENABLE_NS_ASSERTIONS = NO;
				ENABLE_STRICT_OBJC_MSGSEND = YES;
				ENABLE_USER_SCRIPT_SANDBOXING = YES;
				GCC_C_LANGUAGE_STANDARD = gnu17;
				GCC_NO_COMMON_BLOCKS = YES;
				GCC_WARN_64_TO_32_BIT_CONVERSION = YES;
				GCC_WARN_ABOUT_RETURN_TYPE = YES_ERROR;
				GCC_WARN_UNDECLARED_SELECTOR = YES;
				GCC_WARN_UNINITIALIZED_AUTOS = YES_AGGRESSIVE;
				GCC_WARN_UNUSED_FUNCTION = YES;
				GCC_WARN_UNUSED_VARIABLE = YES;
				IPHONEOS_DEPLOYMENT_TARGET = 17.0;
				LOCALIZATION_PREFERS_STRING_CATALOGS = YES;
				MTL_ENABLE_DEBUG_INFO = NO;
				MTL_FAST_MATH = YES;
				SDKROOT = iphoneos;
				SWIFT_COMPILATION_MODE = wholemodule;
				VALIDATE_PRODUCT = YES;
			};
			name = Release;
		};
		7FE1C91D2C0218C900D90450 /* Debug */ = {
			isa = XCBuildConfiguration;
			buildSettings = {
				ASSETCATALOG_COMPILER_APPICON_NAME = AppIcon;
				ASSETCATALOG_COMPILER_GLOBAL_ACCENT_COLOR_NAME = AccentColor;
				CODE_SIGN_STYLE = Automatic;
				CURRENT_PROJECT_VERSION = 1;
				DEVELOPMENT_TEAM = S9H8WZG98K;
				GENERATE_INFOPLIST_FILE = YES;
				INFOPLIST_FILE = zStore/Info.plist;
				INFOPLIST_KEY_CFBundleDisplayName = Zstore;
				INFOPLIST_KEY_UIApplicationSupportsIndirectInputEvents = YES;
				INFOPLIST_KEY_UILaunchStoryboardName = LaunchScreen;
				INFOPLIST_KEY_UIMainStoryboardFile = "";
				INFOPLIST_KEY_UISupportedInterfaceOrientations_iPad = "UIInterfaceOrientationPortrait UIInterfaceOrientationPortraitUpsideDown UIInterfaceOrientationLandscapeLeft UIInterfaceOrientationLandscapeRight";
				INFOPLIST_KEY_UISupportedInterfaceOrientations_iPhone = "UIInterfaceOrientationPortrait UIInterfaceOrientationLandscapeLeft UIInterfaceOrientationLandscapeRight";
				LD_RUNPATH_SEARCH_PATHS = (
					"$(inherited)",
					"@executable_path/Frameworks",
				);
				MARKETING_VERSION = 1.0;
				PRODUCT_BUNDLE_IDENTIFIER = pod.zStore;
				PRODUCT_NAME = "$(TARGET_NAME)";
				SWIFT_EMIT_LOC_STRINGS = YES;
				SWIFT_VERSION = 5.0;
				TARGETED_DEVICE_FAMILY = "1,2";
			};
			name = Debug;
		};
		7FE1C91E2C0218C900D90450 /* Release */ = {
			isa = XCBuildConfiguration;
			buildSettings = {
				ASSETCATALOG_COMPILER_APPICON_NAME = AppIcon;
				ASSETCATALOG_COMPILER_GLOBAL_ACCENT_COLOR_NAME = AccentColor;
				CODE_SIGN_STYLE = Automatic;
				CURRENT_PROJECT_VERSION = 1;
				DEVELOPMENT_TEAM = S9H8WZG98K;
				GENERATE_INFOPLIST_FILE = YES;
				INFOPLIST_FILE = zStore/Info.plist;
				INFOPLIST_KEY_CFBundleDisplayName = Zstore;
				INFOPLIST_KEY_UIApplicationSupportsIndirectInputEvents = YES;
				INFOPLIST_KEY_UILaunchStoryboardName = LaunchScreen;
				INFOPLIST_KEY_UIMainStoryboardFile = "";
				INFOPLIST_KEY_UISupportedInterfaceOrientations_iPad = "UIInterfaceOrientationPortrait UIInterfaceOrientationPortraitUpsideDown UIInterfaceOrientationLandscapeLeft UIInterfaceOrientationLandscapeRight";
				INFOPLIST_KEY_UISupportedInterfaceOrientations_iPhone = "UIInterfaceOrientationPortrait UIInterfaceOrientationLandscapeLeft UIInterfaceOrientationLandscapeRight";
				LD_RUNPATH_SEARCH_PATHS = (
					"$(inherited)",
					"@executable_path/Frameworks",
				);
				MARKETING_VERSION = 1.0;
				PRODUCT_BUNDLE_IDENTIFIER = pod.zStore;
				PRODUCT_NAME = "$(TARGET_NAME)";
				SWIFT_EMIT_LOC_STRINGS = YES;
				SWIFT_VERSION = 5.0;
				TARGETED_DEVICE_FAMILY = "1,2";
			};
			name = Release;
		};
		7FE1C9202C0218C900D90450 /* Debug */ = {
			isa = XCBuildConfiguration;
			buildSettings = {
				ALWAYS_EMBED_SWIFT_STANDARD_LIBRARIES = YES;
				BUNDLE_LOADER = "$(TEST_HOST)";
				CODE_SIGN_STYLE = Automatic;
				CURRENT_PROJECT_VERSION = 1;
				DEVELOPMENT_TEAM = S9H8WZG98K;
				GENERATE_INFOPLIST_FILE = YES;
				IPHONEOS_DEPLOYMENT_TARGET = 17.0;
				MARKETING_VERSION = 1.0;
				PRODUCT_BUNDLE_IDENTIFIER = pod.zStoreTests;
				PRODUCT_NAME = "$(TARGET_NAME)";
				SWIFT_EMIT_LOC_STRINGS = NO;
				SWIFT_VERSION = 5.0;
				TARGETED_DEVICE_FAMILY = "1,2";
				TEST_HOST = "$(BUILT_PRODUCTS_DIR)/zStore.app/$(BUNDLE_EXECUTABLE_FOLDER_PATH)/zStore";
			};
			name = Debug;
		};
		7FE1C9212C0218C900D90450 /* Release */ = {
			isa = XCBuildConfiguration;
			buildSettings = {
				ALWAYS_EMBED_SWIFT_STANDARD_LIBRARIES = YES;
				BUNDLE_LOADER = "$(TEST_HOST)";
				CODE_SIGN_STYLE = Automatic;
				CURRENT_PROJECT_VERSION = 1;
				DEVELOPMENT_TEAM = S9H8WZG98K;
				GENERATE_INFOPLIST_FILE = YES;
				IPHONEOS_DEPLOYMENT_TARGET = 17.0;
				MARKETING_VERSION = 1.0;
				PRODUCT_BUNDLE_IDENTIFIER = pod.zStoreTests;
				PRODUCT_NAME = "$(TARGET_NAME)";
				SWIFT_EMIT_LOC_STRINGS = NO;
				SWIFT_VERSION = 5.0;
				TARGETED_DEVICE_FAMILY = "1,2";
				TEST_HOST = "$(BUILT_PRODUCTS_DIR)/zStore.app/$(BUNDLE_EXECUTABLE_FOLDER_PATH)/zStore";
			};
			name = Release;
		};
		7FE1C9232C0218C900D90450 /* Debug */ = {
			isa = XCBuildConfiguration;
			buildSettings = {
				ALWAYS_EMBED_SWIFT_STANDARD_LIBRARIES = YES;
				CODE_SIGN_STYLE = Automatic;
				CURRENT_PROJECT_VERSION = 1;
				DEVELOPMENT_TEAM = S9H8WZG98K;
				GENERATE_INFOPLIST_FILE = YES;
				MARKETING_VERSION = 1.0;
				PRODUCT_BUNDLE_IDENTIFIER = pod.zStoreUITests;
				PRODUCT_NAME = "$(TARGET_NAME)";
				SWIFT_EMIT_LOC_STRINGS = NO;
				SWIFT_VERSION = 5.0;
				TARGETED_DEVICE_FAMILY = "1,2";
				TEST_TARGET_NAME = zStore;
			};
			name = Debug;
		};
		7FE1C9242C0218C900D90450 /* Release */ = {
			isa = XCBuildConfiguration;
			buildSettings = {
				ALWAYS_EMBED_SWIFT_STANDARD_LIBRARIES = YES;
				CODE_SIGN_STYLE = Automatic;
				CURRENT_PROJECT_VERSION = 1;
				DEVELOPMENT_TEAM = S9H8WZG98K;
				GENERATE_INFOPLIST_FILE = YES;
				MARKETING_VERSION = 1.0;
				PRODUCT_BUNDLE_IDENTIFIER = pod.zStoreUITests;
				PRODUCT_NAME = "$(TARGET_NAME)";
				SWIFT_EMIT_LOC_STRINGS = NO;
				SWIFT_VERSION = 5.0;
				TARGETED_DEVICE_FAMILY = "1,2";
				TEST_TARGET_NAME = zStore;
			};
			name = Release;
		};
/* End XCBuildConfiguration section */

/* Begin XCConfigurationList section */
		7FE1C8EA2C0218C800D90450 /* Build configuration list for PBXProject "zStore" */ = {
			isa = XCConfigurationList;
			buildConfigurations = (
				7FE1C91A2C0218C900D90450 /* Debug */,
				7FE1C91B2C0218C900D90450 /* Release */,
			);
			defaultConfigurationIsVisible = 0;
			defaultConfigurationName = Release;
		};
		7FE1C91C2C0218C900D90450 /* Build configuration list for PBXNativeTarget "zStore" */ = {
			isa = XCConfigurationList;
			buildConfigurations = (
				7FE1C91D2C0218C900D90450 /* Debug */,
				7FE1C91E2C0218C900D90450 /* Release */,
			);
			defaultConfigurationIsVisible = 0;
			defaultConfigurationName = Release;
		};
		7FE1C91F2C0218C900D90450 /* Build configuration list for PBXNativeTarget "zStoreTests" */ = {
			isa = XCConfigurationList;
			buildConfigurations = (
				7FE1C9202C0218C900D90450 /* Debug */,
				7FE1C9212C0218C900D90450 /* Release */,
			);
			defaultConfigurationIsVisible = 0;
			defaultConfigurationName = Release;
		};
		7FE1C9222C0218C900D90450 /* Build configuration list for PBXNativeTarget "zStoreUITests" */ = {
			isa = XCConfigurationList;
			buildConfigurations = (
				7FE1C9232C0218C900D90450 /* Debug */,
				7FE1C9242C0218C900D90450 /* Release */,
			);
			defaultConfigurationIsVisible = 0;
			defaultConfigurationName = Release;
		};
/* End XCConfigurationList section */

/* Begin XCVersionGroup section */
		7FE1C8FB2C0218C800D90450 /* zStore.xcdatamodeld */ = {
			isa = XCVersionGroup;
			children = (
				7FE1C8FC2C0218C800D90450 /* zStore.xcdatamodel */,
			);
			currentVersion = 7FE1C8FC2C0218C800D90450 /* zStore.xcdatamodel */;
			path = zStore.xcdatamodeld;
			sourceTree = "<group>";
			versionGroupType = wrapper.xcdatamodel;
		};
/* End XCVersionGroup section */
	};
	rootObject = 7FE1C8E72C0218C800D90450 /* Project object */;
}
